
Microsoft Visual Studio Solution File, Format Version 12.00
# Visual Studio 15
VisualStudioVersion = 15.0.27428.2015
MinimumVisualStudioVersion = 10.0.40219.1
Project("{FAE04EC0-301F-11D3-BF4B-00C04F79EFBC}") = "Workflow.Android", "Workflow\Workflow\Workflow.Android\Workflow.Android.csproj", "{CD909778-751C-4AD1-8B28-2B3EA3A293D0}"
EndProject
Project("{FAE04EC0-301F-11D3-BF4B-00C04F79EFBC}") = "Workflow.iOS", "Workflow\Workflow\Workflow.iOS\Workflow.iOS.csproj", "{70A3EC53-9C69-4EBE-A04A-41921A7EF588}"
EndProject
Project("{FAE04EC0-301F-11D3-BF4B-00C04F79EFBC}") = "Workflow.UWP", "Workflow\Workflow\Workflow.UWP\Workflow.UWP.csproj", "{90E413A1-61AE-485C-A445-52D1F25405AD}"
EndProject
Project("{FAE04EC0-301F-11D3-BF4B-00C04F79EFBC}") = "Workflow", "Workflow\Workflow\Workflow\Workflow.csproj", "{4DF28E10-B4A5-479D-B00E-76E7D1EA4557}"
EndProject
Global
	GlobalSection(SolutionConfigurationPlatforms) = preSolution
		Ad-Hoc|Any CPU = Ad-Hoc|Any CPU
		Ad-Hoc|ARM = Ad-Hoc|ARM
		Ad-Hoc|iPhone = Ad-Hoc|iPhone
		Ad-Hoc|iPhoneSimulator = Ad-Hoc|iPhoneSimulator
		Ad-Hoc|x64 = Ad-Hoc|x64
		Ad-Hoc|x86 = Ad-Hoc|x86
		AppStore|Any CPU = AppStore|Any CPU
		AppStore|ARM = AppStore|ARM
		AppStore|iPhone = AppStore|iPhone
		AppStore|iPhoneSimulator = AppStore|iPhoneSimulator
		AppStore|x64 = AppStore|x64
		AppStore|x86 = AppStore|x86
		Debug|Any CPU = Debug|Any CPU
		Debug|ARM = Debug|ARM
		Debug|iPhone = Debug|iPhone
		Debug|iPhoneSimulator = Debug|iPhoneSimulator
		Debug|x64 = Debug|x64
		Debug|x86 = Debug|x86
		Release|Any CPU = Release|Any CPU
		Release|ARM = Release|ARM
		Release|iPhone = Release|iPhone
		Release|iPhoneSimulator = Release|iPhoneSimulator
		Release|x64 = Release|x64
		Release|x86 = Release|x86
	EndGlobalSection
	GlobalSection(ProjectConfigurationPlatforms) = postSolution
		{CD909778-751C-4AD1-8B28-2B3EA3A293D0}.Ad-Hoc|Any CPU.ActiveCfg = Release|Any CPU
		{CD909778-751C-4AD1-8B28-2B3EA3A293D0}.Ad-Hoc|Any CPU.Build.0 = Release|Any CPU
		{CD909778-751C-4AD1-8B28-2B3EA3A293D0}.Ad-Hoc|Any CPU.Deploy.0 = Release|Any CPU
		{CD909778-751C-4AD1-8B28-2B3EA3A293D0}.Ad-Hoc|ARM.ActiveCfg = Release|Any CPU
		{CD909778-751C-4AD1-8B28-2B3EA3A293D0}.Ad-Hoc|ARM.Build.0 = Release|Any CPU
		{CD909778-751C-4AD1-8B28-2B3EA3A293D0}.Ad-Hoc|ARM.Deploy.0 = Release|Any CPU
		{CD909778-751C-4AD1-8B28-2B3EA3A293D0}.Ad-Hoc|iPhone.ActiveCfg = Release|Any CPU
		{CD909778-751C-4AD1-8B28-2B3EA3A293D0}.Ad-Hoc|iPhone.Build.0 = Release|Any CPU
		{CD909778-751C-4AD1-8B28-2B3EA3A293D0}.Ad-Hoc|iPhone.Deploy.0 = Release|Any CPU
		{CD909778-751C-4AD1-8B28-2B3EA3A293D0}.Ad-Hoc|iPhoneSimulator.ActiveCfg = Release|Any CPU
		{CD909778-751C-4AD1-8B28-2B3EA3A293D0}.Ad-Hoc|iPhoneSimulator.Build.0 = Release|Any CPU
		{CD909778-751C-4AD1-8B28-2B3EA3A293D0}.Ad-Hoc|iPhoneSimulator.Deploy.0 = Release|Any CPU
		{CD909778-751C-4AD1-8B28-2B3EA3A293D0}.Ad-Hoc|x64.ActiveCfg = Release|Any CPU
		{CD909778-751C-4AD1-8B28-2B3EA3A293D0}.Ad-Hoc|x64.Build.0 = Release|Any CPU
		{CD909778-751C-4AD1-8B28-2B3EA3A293D0}.Ad-Hoc|x64.Deploy.0 = Release|Any CPU
		{CD909778-751C-4AD1-8B28-2B3EA3A293D0}.Ad-Hoc|x86.ActiveCfg = Release|Any CPU
		{CD909778-751C-4AD1-8B28-2B3EA3A293D0}.Ad-Hoc|x86.Build.0 = Release|Any CPU
		{CD909778-751C-4AD1-8B28-2B3EA3A293D0}.Ad-Hoc|x86.Deploy.0 = Release|Any CPU
		{CD909778-751C-4AD1-8B28-2B3EA3A293D0}.AppStore|Any CPU.ActiveCfg = Release|Any CPU
		{CD909778-751C-4AD1-8B28-2B3EA3A293D0}.AppStore|Any CPU.Build.0 = Release|Any CPU
		{CD909778-751C-4AD1-8B28-2B3EA3A293D0}.AppStore|Any CPU.Deploy.0 = Release|Any CPU
		{CD909778-751C-4AD1-8B28-2B3EA3A293D0}.AppStore|ARM.ActiveCfg = Release|Any CPU
		{CD909778-751C-4AD1-8B28-2B3EA3A293D0}.AppStore|ARM.Build.0 = Release|Any CPU
		{CD909778-751C-4AD1-8B28-2B3EA3A293D0}.AppStore|ARM.Deploy.0 = Release|Any CPU
		{CD909778-751C-4AD1-8B28-2B3EA3A293D0}.AppStore|iPhone.ActiveCfg = Release|Any CPU
		{CD909778-751C-4AD1-8B28-2B3EA3A293D0}.AppStore|iPhone.Build.0 = Release|Any CPU
		{CD909778-751C-4AD1-8B28-2B3EA3A293D0}.AppStore|iPhone.Deploy.0 = Release|Any CPU
		{CD909778-751C-4AD1-8B28-2B3EA3A293D0}.AppStore|iPhoneSimulator.ActiveCfg = Release|Any CPU
		{CD909778-751C-4AD1-8B28-2B3EA3A293D0}.AppStore|iPhoneSimulator.Build.0 = Release|Any CPU
		{CD909778-751C-4AD1-8B28-2B3EA3A293D0}.AppStore|iPhoneSimulator.Deploy.0 = Release|Any CPU
		{CD909778-751C-4AD1-8B28-2B3EA3A293D0}.AppStore|x64.ActiveCfg = Release|Any CPU
		{CD909778-751C-4AD1-8B28-2B3EA3A293D0}.AppStore|x64.Build.0 = Release|Any CPU
		{CD909778-751C-4AD1-8B28-2B3EA3A293D0}.AppStore|x64.Deploy.0 = Release|Any CPU
		{CD909778-751C-4AD1-8B28-2B3EA3A293D0}.AppStore|x86.ActiveCfg = Release|Any CPU
		{CD909778-751C-4AD1-8B28-2B3EA3A293D0}.AppStore|x86.Build.0 = Release|Any CPU
		{CD909778-751C-4AD1-8B28-2B3EA3A293D0}.AppStore|x86.Deploy.0 = Release|Any CPU
		{CD909778-751C-4AD1-8B28-2B3EA3A293D0}.Debug|Any CPU.ActiveCfg = Debug|Any CPU
		{CD909778-751C-4AD1-8B28-2B3EA3A293D0}.Debug|Any CPU.Build.0 = Debug|Any CPU
		{CD909778-751C-4AD1-8B28-2B3EA3A293D0}.Debug|Any CPU.Deploy.0 = Debug|Any CPU
		{CD909778-751C-4AD1-8B28-2B3EA3A293D0}.Debug|ARM.ActiveCfg = Debug|Any CPU
		{CD909778-751C-4AD1-8B28-2B3EA3A293D0}.Debug|ARM.Build.0 = Debug|Any CPU
		{CD909778-751C-4AD1-8B28-2B3EA3A293D0}.Debug|ARM.Deploy.0 = Debug|Any CPU
		{CD909778-751C-4AD1-8B28-2B3EA3A293D0}.Debug|iPhone.ActiveCfg = Debug|Any CPU
		{CD909778-751C-4AD1-8B28-2B3EA3A293D0}.Debug|iPhone.Build.0 = Debug|Any CPU
		{CD909778-751C-4AD1-8B28-2B3EA3A293D0}.Debug|iPhone.Deploy.0 = Debug|Any CPU
		{CD909778-751C-4AD1-8B28-2B3EA3A293D0}.Debug|iPhoneSimulator.ActiveCfg = Debug|Any CPU
		{CD909778-751C-4AD1-8B28-2B3EA3A293D0}.Debug|iPhoneSimulator.Build.0 = Debug|Any CPU
		{CD909778-751C-4AD1-8B28-2B3EA3A293D0}.Debug|iPhoneSimulator.Deploy.0 = Debug|Any CPU
		{CD909778-751C-4AD1-8B28-2B3EA3A293D0}.Debug|x64.ActiveCfg = Debug|Any CPU
		{CD909778-751C-4AD1-8B28-2B3EA3A293D0}.Debug|x64.Build.0 = Debug|Any CPU
		{CD909778-751C-4AD1-8B28-2B3EA3A293D0}.Debug|x64.Deploy.0 = Debug|Any CPU
		{CD909778-751C-4AD1-8B28-2B3EA3A293D0}.Debug|x86.ActiveCfg = Debug|Any CPU
		{CD909778-751C-4AD1-8B28-2B3EA3A293D0}.Debug|x86.Build.0 = Debug|Any CPU
		{CD909778-751C-4AD1-8B28-2B3EA3A293D0}.Debug|x86.Deploy.0 = Debug|Any CPU
		{CD909778-751C-4AD1-8B28-2B3EA3A293D0}.Release|Any CPU.ActiveCfg = Release|Any CPU
		{CD909778-751C-4AD1-8B28-2B3EA3A293D0}.Release|Any CPU.Build.0 = Release|Any CPU
		{CD909778-751C-4AD1-8B28-2B3EA3A293D0}.Release|Any CPU.Deploy.0 = Release|Any CPU
		{CD909778-751C-4AD1-8B28-2B3EA3A293D0}.Release|ARM.ActiveCfg = Release|Any CPU
		{CD909778-751C-4AD1-8B28-2B3EA3A293D0}.Release|ARM.Build.0 = Release|Any CPU
		{CD909778-751C-4AD1-8B28-2B3EA3A293D0}.Release|ARM.Deploy.0 = Release|Any CPU
		{CD909778-751C-4AD1-8B28-2B3EA3A293D0}.Release|iPhone.ActiveCfg = Release|Any CPU
		{CD909778-751C-4AD1-8B28-2B3EA3A293D0}.Release|iPhone.Build.0 = Release|Any CPU
		{CD909778-751C-4AD1-8B28-2B3EA3A293D0}.Release|iPhone.Deploy.0 = Release|Any CPU
		{CD909778-751C-4AD1-8B28-2B3EA3A293D0}.Release|iPhoneSimulator.ActiveCfg = Release|Any CPU
		{CD909778-751C-4AD1-8B28-2B3EA3A293D0}.Release|iPhoneSimulator.Build.0 = Release|Any CPU
		{CD909778-751C-4AD1-8B28-2B3EA3A293D0}.Release|iPhoneSimulator.Deploy.0 = Release|Any CPU
		{CD909778-751C-4AD1-8B28-2B3EA3A293D0}.Release|x64.ActiveCfg = Release|Any CPU
		{CD909778-751C-4AD1-8B28-2B3EA3A293D0}.Release|x64.Build.0 = Release|Any CPU
		{CD909778-751C-4AD1-8B28-2B3EA3A293D0}.Release|x64.Deploy.0 = Release|Any CPU
		{CD909778-751C-4AD1-8B28-2B3EA3A293D0}.Release|x86.ActiveCfg = Release|Any CPU
		{CD909778-751C-4AD1-8B28-2B3EA3A293D0}.Release|x86.Build.0 = Release|Any CPU
		{CD909778-751C-4AD1-8B28-2B3EA3A293D0}.Release|x86.Deploy.0 = Release|Any CPU
		{70A3EC53-9C69-4EBE-A04A-41921A7EF588}.Ad-Hoc|Any CPU.ActiveCfg = Ad-Hoc|iPhone
		{70A3EC53-9C69-4EBE-A04A-41921A7EF588}.Ad-Hoc|ARM.ActiveCfg = Ad-Hoc|iPhone
		{70A3EC53-9C69-4EBE-A04A-41921A7EF588}.Ad-Hoc|iPhone.ActiveCfg = Ad-Hoc|iPhone
		{70A3EC53-9C69-4EBE-A04A-41921A7EF588}.Ad-Hoc|iPhone.Build.0 = Ad-Hoc|iPhone
		{70A3EC53-9C69-4EBE-A04A-41921A7EF588}.Ad-Hoc|iPhoneSimulator.ActiveCfg = Ad-Hoc|iPhoneSimulator
		{70A3EC53-9C69-4EBE-A04A-41921A7EF588}.Ad-Hoc|iPhoneSimulator.Build.0 = Ad-Hoc|iPhoneSimulator
		{70A3EC53-9C69-4EBE-A04A-41921A7EF588}.Ad-Hoc|x64.ActiveCfg = Ad-Hoc|iPhone
		{70A3EC53-9C69-4EBE-A04A-41921A7EF588}.Ad-Hoc|x86.ActiveCfg = Ad-Hoc|iPhone
		{70A3EC53-9C69-4EBE-A04A-41921A7EF588}.AppStore|Any CPU.ActiveCfg = AppStore|iPhone
		{70A3EC53-9C69-4EBE-A04A-41921A7EF588}.AppStore|ARM.ActiveCfg = AppStore|iPhone
		{70A3EC53-9C69-4EBE-A04A-41921A7EF588}.AppStore|iPhone.ActiveCfg = AppStore|iPhone
		{70A3EC53-9C69-4EBE-A04A-41921A7EF588}.AppStore|iPhone.Build.0 = AppStore|iPhone
		{70A3EC53-9C69-4EBE-A04A-41921A7EF588}.AppStore|iPhoneSimulator.ActiveCfg = AppStore|iPhoneSimulator
		{70A3EC53-9C69-4EBE-A04A-41921A7EF588}.AppStore|iPhoneSimulator.Build.0 = AppStore|iPhoneSimulator
		{70A3EC53-9C69-4EBE-A04A-41921A7EF588}.AppStore|x64.ActiveCfg = AppStore|iPhone
		{70A3EC53-9C69-4EBE-A04A-41921A7EF588}.AppStore|x86.ActiveCfg = AppStore|iPhone
		{70A3EC53-9C69-4EBE-A04A-41921A7EF588}.Debug|Any CPU.ActiveCfg = Debug|iPhone
		{70A3EC53-9C69-4EBE-A04A-41921A7EF588}.Debug|ARM.ActiveCfg = Debug|iPhone
		{70A3EC53-9C69-4EBE-A04A-41921A7EF588}.Debug|iPhone.ActiveCfg = Debug|iPhone
		{70A3EC53-9C69-4EBE-A04A-41921A7EF588}.Debug|iPhone.Build.0 = Debug|iPhone
		{70A3EC53-9C69-4EBE-A04A-41921A7EF588}.Debug|iPhoneSimulator.ActiveCfg = Debug|iPhoneSimulator
		{70A3EC53-9C69-4EBE-A04A-41921A7EF588}.Debug|iPhoneSimulator.Build.0 = Debug|iPhoneSimulator
		{70A3EC53-9C69-4EBE-A04A-41921A7EF588}.Debug|x64.ActiveCfg = Debug|iPhone
		{70A3EC53-9C69-4EBE-A04A-41921A7EF588}.Debug|x86.ActiveCfg = Debug|iPhone
		{70A3EC53-9C69-4EBE-A04A-41921A7EF588}.Release|Any CPU.ActiveCfg = Release|iPhone
		{70A3EC53-9C69-4EBE-A04A-41921A7EF588}.Release|ARM.ActiveCfg = Release|iPhone
		{70A3EC53-9C69-4EBE-A04A-41921A7EF588}.Release|iPhone.ActiveCfg = Release|iPhone
		{70A3EC53-9C69-4EBE-A04A-41921A7EF588}.Release|iPhone.Build.0 = Release|iPhone
		{70A3EC53-9C69-4EBE-A04A-41921A7EF588}.Release|iPhoneSimulator.ActiveCfg = Release|iPhoneSimulator
		{70A3EC53-9C69-4EBE-A04A-41921A7EF588}.Release|iPhoneSimulator.Build.0 = Release|iPhoneSimulator
		{70A3EC53-9C69-4EBE-A04A-41921A7EF588}.Release|x64.ActiveCfg = Release|iPhone
		{70A3EC53-9C69-4EBE-A04A-41921A7EF588}.Release|x86.ActiveCfg = Release|iPhone
		{90E413A1-61AE-485C-A445-52D1F25405AD}.Ad-Hoc|Any CPU.ActiveCfg = Release|x86
		{90E413A1-61AE-485C-A445-52D1F25405AD}.Ad-Hoc|Any CPU.Build.0 = Release|x86
		{90E413A1-61AE-485C-A445-52D1F25405AD}.Ad-Hoc|Any CPU.Deploy.0 = Release|x86
		{90E413A1-61AE-485C-A445-52D1F25405AD}.Ad-Hoc|ARM.ActiveCfg = Release|ARM
		{90E413A1-61AE-485C-A445-52D1F25405AD}.Ad-Hoc|ARM.Build.0 = Release|ARM
		{90E413A1-61AE-485C-A445-52D1F25405AD}.Ad-Hoc|ARM.Deploy.0 = Release|ARM
		{90E413A1-61AE-485C-A445-52D1F25405AD}.Ad-Hoc|iPhone.ActiveCfg = Release|x86
		{90E413A1-61AE-485C-A445-52D1F25405AD}.Ad-Hoc|iPhone.Build.0 = Release|x86
		{90E413A1-61AE-485C-A445-52D1F25405AD}.Ad-Hoc|iPhone.Deploy.0 = Release|x86
		{90E413A1-61AE-485C-A445-52D1F25405AD}.Ad-Hoc|iPhoneSimulator.ActiveCfg = Release|x86
		{90E413A1-61AE-485C-A445-52D1F25405AD}.Ad-Hoc|iPhoneSimulator.Build.0 = Release|x86
		{90E413A1-61AE-485C-A445-52D1F25405AD}.Ad-Hoc|iPhoneSimulator.Deploy.0 = Release|x86
		{90E413A1-61AE-485C-A445-52D1F25405AD}.Ad-Hoc|x64.ActiveCfg = Release|x64
		{90E413A1-61AE-485C-A445-52D1F25405AD}.Ad-Hoc|x64.Build.0 = Release|x64
		{90E413A1-61AE-485C-A445-52D1F25405AD}.Ad-Hoc|x64.Deploy.0 = Release|x64
		{90E413A1-61AE-485C-A445-52D1F25405AD}.Ad-Hoc|x86.ActiveCfg = Release|x86
		{90E413A1-61AE-485C-A445-52D1F25405AD}.Ad-Hoc|x86.Build.0 = Release|x86
		{90E413A1-61AE-485C-A445-52D1F25405AD}.Ad-Hoc|x86.Deploy.0 = Release|x86
		{90E413A1-61AE-485C-A445-52D1F25405AD}.AppStore|Any CPU.ActiveCfg = Release|x86
		{90E413A1-61AE-485C-A445-52D1F25405AD}.AppStore|Any CPU.Build.0 = Release|x86
		{90E413A1-61AE-485C-A445-52D1F25405AD}.AppStore|Any CPU.Deploy.0 = Release|x86
		{90E413A1-61AE-485C-A445-52D1F25405AD}.AppStore|ARM.ActiveCfg = Release|ARM
		{90E413A1-61AE-485C-A445-52D1F25405AD}.AppStore|ARM.Build.0 = Release|ARM
		{90E413A1-61AE-485C-A445-52D1F25405AD}.AppStore|ARM.Deploy.0 = Release|ARM
		{90E413A1-61AE-485C-A445-52D1F25405AD}.AppStore|iPhone.ActiveCfg = Release|x86
		{90E413A1-61AE-485C-A445-52D1F25405AD}.AppStore|iPhone.Build.0 = Release|x86
		{90E413A1-61AE-485C-A445-52D1F25405AD}.AppStore|iPhone.Deploy.0 = Release|x86
		{90E413A1-61AE-485C-A445-52D1F25405AD}.AppStore|iPhoneSimulator.ActiveCfg = Release|x86
		{90E413A1-61AE-485C-A445-52D1F25405AD}.AppStore|iPhoneSimulator.Build.0 = Release|x86
		{90E413A1-61AE-485C-A445-52D1F25405AD}.AppStore|iPhoneSimulator.Deploy.0 = Release|x86
		{90E413A1-61AE-485C-A445-52D1F25405AD}.AppStore|x64.ActiveCfg = Release|x64
		{90E413A1-61AE-485C-A445-52D1F25405AD}.AppStore|x64.Build.0 = Release|x64
		{90E413A1-61AE-485C-A445-52D1F25405AD}.AppStore|x64.Deploy.0 = Release|x64
		{90E413A1-61AE-485C-A445-52D1F25405AD}.AppStore|x86.ActiveCfg = Release|x86
		{90E413A1-61AE-485C-A445-52D1F25405AD}.AppStore|x86.Build.0 = Release|x86
		{90E413A1-61AE-485C-A445-52D1F25405AD}.AppStore|x86.Deploy.0 = Release|x86
		{90E413A1-61AE-485C-A445-52D1F25405AD}.Debug|Any CPU.ActiveCfg = Debug|x86
		{90E413A1-61AE-485C-A445-52D1F25405AD}.Debug|ARM.ActiveCfg = Debug|ARM
		{90E413A1-61AE-485C-A445-52D1F25405AD}.Debug|ARM.Build.0 = Debug|ARM
		{90E413A1-61AE-485C-A445-52D1F25405AD}.Debug|ARM.Deploy.0 = Debug|ARM
		{90E413A1-61AE-485C-A445-52D1F25405AD}.Debug|iPhone.ActiveCfg = Debug|x86
		{90E413A1-61AE-485C-A445-52D1F25405AD}.Debug|iPhoneSimulator.ActiveCfg = Debug|x86
		{90E413A1-61AE-485C-A445-52D1F25405AD}.Debug|x64.ActiveCfg = Debug|x64
		{90E413A1-61AE-485C-A445-52D1F25405AD}.Debug|x64.Build.0 = Debug|x64
		{90E413A1-61AE-485C-A445-52D1F25405AD}.Debug|x64.Deploy.0 = Debug|x64
		{90E413A1-61AE-485C-A445-52D1F25405AD}.Debug|x86.ActiveCfg = Debug|x86
		{90E413A1-61AE-485C-A445-52D1F25405AD}.Debug|x86.Build.0 = Debug|x86
		{90E413A1-61AE-485C-A445-52D1F25405AD}.Debug|x86.Deploy.0 = Debug|x86
		{90E413A1-61AE-485C-A445-52D1F25405AD}.Release|Any CPU.ActiveCfg = Release|x86
		{90E413A1-61AE-485C-A445-52D1F25405AD}.Release|ARM.ActiveCfg = Release|ARM
		{90E413A1-61AE-485C-A445-52D1F25405AD}.Release|ARM.Build.0 = Release|ARM
		{90E413A1-61AE-485C-A445-52D1F25405AD}.Release|ARM.Deploy.0 = Release|ARM
		{90E413A1-61AE-485C-A445-52D1F25405AD}.Release|iPhone.ActiveCfg = Release|x86
		{90E413A1-61AE-485C-A445-52D1F25405AD}.Release|iPhoneSimulator.ActiveCfg = Release|x86
		{90E413A1-61AE-485C-A445-52D1F25405AD}.Release|x64.ActiveCfg = Release|x64
		{90E413A1-61AE-485C-A445-52D1F25405AD}.Release|x64.Build.0 = Release|x64
		{90E413A1-61AE-485C-A445-52D1F25405AD}.Release|x64.Deploy.0 = Release|x64
		{90E413A1-61AE-485C-A445-52D1F25405AD}.Release|x86.ActiveCfg = Release|x86
		{90E413A1-61AE-485C-A445-52D1F25405AD}.Release|x86.Build.0 = Release|x86
		{90E413A1-61AE-485C-A445-52D1F25405AD}.Release|x86.Deploy.0 = Release|x86
		{4DF28E10-B4A5-479D-B00E-76E7D1EA4557}.Ad-Hoc|Any CPU.ActiveCfg = Debug|Any CPU
		{4DF28E10-B4A5-479D-B00E-76E7D1EA4557}.Ad-Hoc|Any CPU.Build.0 = Debug|Any CPU
		{4DF28E10-B4A5-479D-B00E-76E7D1EA4557}.Ad-Hoc|ARM.ActiveCfg = Debug|Any CPU
		{4DF28E10-B4A5-479D-B00E-76E7D1EA4557}.Ad-Hoc|ARM.Build.0 = Debug|Any CPU
		{4DF28E10-B4A5-479D-B00E-76E7D1EA4557}.Ad-Hoc|iPhone.ActiveCfg = Debug|Any CPU
		{4DF28E10-B4A5-479D-B00E-76E7D1EA4557}.Ad-Hoc|iPhone.Build.0 = Debug|Any CPU
		{4DF28E10-B4A5-479D-B00E-76E7D1EA4557}.Ad-Hoc|iPhoneSimulator.ActiveCfg = Debug|Any CPU
		{4DF28E10-B4A5-479D-B00E-76E7D1EA4557}.Ad-Hoc|iPhoneSimulator.Build.0 = Debug|Any CPU
		{4DF28E10-B4A5-479D-B00E-76E7D1EA4557}.Ad-Hoc|x64.ActiveCfg = Debug|Any CPU
		{4DF28E10-B4A5-479D-B00E-76E7D1EA4557}.Ad-Hoc|x64.Build.0 = Debug|Any CPU
		{4DF28E10-B4A5-479D-B00E-76E7D1EA4557}.Ad-Hoc|x86.ActiveCfg = Debug|Any CPU
		{4DF28E10-B4A5-479D-B00E-76E7D1EA4557}.Ad-Hoc|x86.Build.0 = Debug|Any CPU
		{4DF28E10-B4A5-479D-B00E-76E7D1EA4557}.AppStore|Any CPU.ActiveCfg = Debug|Any CPU
		{4DF28E10-B4A5-479D-B00E-76E7D1EA4557}.AppStore|Any CPU.Build.0 = Debug|Any CPU
		{4DF28E10-B4A5-479D-B00E-76E7D1EA4557}.AppStore|ARM.ActiveCfg = Debug|Any CPU
		{4DF28E10-B4A5-479D-B00E-76E7D1EA4557}.AppStore|ARM.Build.0 = Debug|Any CPU
		{4DF28E10-B4A5-479D-B00E-76E7D1EA4557}.AppStore|iPhone.ActiveCfg = Debug|Any CPU
		{4DF28E10-B4A5-479D-B00E-76E7D1EA4557}.AppStore|iPhone.Build.0 = Debug|Any CPU
		{4DF28E10-B4A5-479D-B00E-76E7D1EA4557}.AppStore|iPhoneSimulator.ActiveCfg = Debug|Any CPU
		{4DF28E10-B4A5-479D-B00E-76E7D1EA4557}.AppStore|iPhoneSimulator.Build.0 = Debug|Any CPU
		{4DF28E10-B4A5-479D-B00E-76E7D1EA4557}.AppStore|x64.ActiveCfg = Debug|Any CPU
		{4DF28E10-B4A5-479D-B00E-76E7D1EA4557}.AppStore|x64.Build.0 = Debug|Any CPU
		{4DF28E10-B4A5-479D-B00E-76E7D1EA4557}.AppStore|x86.ActiveCfg = Debug|Any CPU
		{4DF28E10-B4A5-479D-B00E-76E7D1EA4557}.AppStore|x86.Build.0 = Debug|Any CPU
		{4DF28E10-B4A5-479D-B00E-76E7D1EA4557}.Debug|Any CPU.ActiveCfg = Debug|Any CPU
		{4DF28E10-B4A5-479D-B00E-76E7D1EA4557}.Debug|Any CPU.Build.0 = Debug|Any CPU
		{4DF28E10-B4A5-479D-B00E-76E7D1EA4557}.Debug|ARM.ActiveCfg = Debug|Any CPU
		{4DF28E10-B4A5-479D-B00E-76E7D1EA4557}.Debug|ARM.Build.0 = Debug|Any CPU
		{4DF28E10-B4A5-479D-B00E-76E7D1EA4557}.Debug|iPhone.ActiveCfg = Debug|Any CPU
		{4DF28E10-B4A5-479D-B00E-76E7D1EA4557}.Debug|iPhone.Build.0 = Debug|Any CPU
		{4DF28E10-B4A5-479D-B00E-76E7D1EA4557}.Debug|iPhoneSimulator.ActiveCfg = Debug|Any CPU
		{4DF28E10-B4A5-479D-B00E-76E7D1EA4557}.Debug|iPhoneSimulator.Build.0 = Debug|Any CPU
		{4DF28E10-B4A5-479D-B00E-76E7D1EA4557}.Debug|x64.ActiveCfg = Debug|Any CPU
		{4DF28E10-B4A5-479D-B00E-76E7D1EA4557}.Debug|x64.Build.0 = Debug|Any CPU
		{4DF28E10-B4A5-479D-B00E-76E7D1EA4557}.Debug|x86.ActiveCfg = Debug|Any CPU
		{4DF28E10-B4A5-479D-B00E-76E7D1EA4557}.Debug|x86.Build.0 = Debug|Any CPU
		{4DF28E10-B4A5-479D-B00E-76E7D1EA4557}.Release|Any CPU.ActiveCfg = Release|Any CPU
		{4DF28E10-B4A5-479D-B00E-76E7D1EA4557}.Release|Any CPU.Build.0 = Release|Any CPU
		{4DF28E10-B4A5-479D-B00E-76E7D1EA4557}.Release|ARM.ActiveCfg = Release|Any CPU
		{4DF28E10-B4A5-479D-B00E-76E7D1EA4557}.Release|ARM.Build.0 = Release|Any CPU
		{4DF28E10-B4A5-479D-B00E-76E7D1EA4557}.Release|iPhone.ActiveCfg = Release|Any CPU
		{4DF28E10-B4A5-479D-B00E-76E7D1EA4557}.Release|iPhone.Build.0 = Release|Any CPU
		{4DF28E10-B4A5-479D-B00E-76E7D1EA4557}.Release|iPhoneSimulator.ActiveCfg = Release|Any CPU
		{4DF28E10-B4A5-479D-B00E-76E7D1EA4557}.Release|iPhoneSimulator.Build.0 = Release|Any CPU
		{4DF28E10-B4A5-479D-B00E-76E7D1EA4557}.Release|x64.ActiveCfg = Release|Any CPU
		{4DF28E10-B4A5-479D-B00E-76E7D1EA4557}.Release|x64.Build.0 = Release|Any CPU
		{4DF28E10-B4A5-479D-B00E-76E7D1EA4557}.Release|x86.ActiveCfg = Release|Any CPU
		{4DF28E10-B4A5-479D-B00E-76E7D1EA4557}.Release|x86.Build.0 = Release|Any CPU
	EndGlobalSection
	GlobalSection(SolutionProperties) = preSolution
		HideSolutionNode = FALSE
	EndGlobalSection
	GlobalSection(ExtensibilityGlobals) = postSolution
		SolutionGuid = {4296436D-6B6E-431A-B048-2548CDE33AC4}
	EndGlobalSection
EndGlobal
